// !$*UTF8*$!
{
	archiveVersion = 1;
	classes = {
	};
	objectVersion = 48;
	objects = {

/* Begin PBXBuildFile section */
		6BD5925220380E6E001E5771 /* AppDelegate.m in Sources */ = {isa = PBXBuildFile; fileRef = 6BD5925120380E6E001E5771 /* AppDelegate.m */; };
		6BD5925520380E6E001E5771 /* ViewController.m in Sources */ = {isa = PBXBuildFile; fileRef = 6BD5925420380E6E001E5771 /* ViewController.m */; };
		6BD5925820380E6E001E5771 /* Main.storyboard in Resources */ = {isa = PBXBuildFile; fileRef = 6BD5925620380E6E001E5771 /* Main.storyboard */; };
		6BD5925A20380E6E001E5771 /* Assets.xcassets in Resources */ = {isa = PBXBuildFile; fileRef = 6BD5925920380E6E001E5771 /* Assets.xcassets */; };
		6BD5925D20380E6E001E5771 /* LaunchScreen.storyboard in Resources */ = {isa = PBXBuildFile; fileRef = 6BD5925B20380E6E001E5771 /* LaunchScreen.storyboard */; };
		6BD5926020380E6E001E5771 /* main.m in Sources */ = {isa = PBXBuildFile; fileRef = 6BD5925F20380E6E001E5771 /* main.m */; };
/* End PBXBuildFile section */

/* Begin PBXFileReference section */
		6BD5924D20380E6E001E5771 /* StretchHeadView-Objc.app */ = {isa = PBXFileReference; explicitFileType = wrapper.application; includeInIndex = 0; path = "StretchHeadView-Objc.app"; sourceTree = BUILT_PRODUCTS_DIR; };
		6BD5925020380E6E001E5771 /* AppDelegate.h */ = {isa = PBXFileReference; lastKnownFileType = sourcecode.c.h; path = AppDelegate.h; sourceTree = "<group>"; };
		6BD5925120380E6E001E5771 /* AppDelegate.m */ = {isa = PBXFileReference; lastKnownFileType = sourcecode.c.objc; path = AppDelegate.m; sourceTree = "<group>"; };
		6BD5925320380E6E001E5771 /* ViewController.h */ = {isa = PBXFileReference; lastKnownFileType = sourcecode.c.h; path = ViewController.h; sourceTree = "<group>"; };
		6BD5925420380E6E001E5771 /* ViewController.m */ = {isa = PBXFileReference; lastKnownFileType = sourcecode.c.objc; path = ViewController.m; sourceTree = "<group>"; };
		6BD5925720380E6E001E5771 /* Base */ = {isa = PBXFileReference; lastKnownFileType = file.storyboard; name = Base; path = Base.lproj/Main.storyboard; sourceTree = "<group>"; };
		6BD5925920380E6E001E5771 /* Assets.xcassets */ = {isa = PBXFileReference; lastKnownFileType = folder.assetcatalog; path = Assets.xcassets; sourceTree = "<group>"; };
		6BD5925C20380E6E001E5771 /* Base */ = {isa = PBXFileReference; lastKnownFileType = file.storyboard; name = Base; path = Base.lproj/LaunchScreen.storyboard; sourceTree = "<group>"; };
		6BD5925E20380E6E001E5771 /* Info.plist */ = {isa = PBXFileReference; lastKnownFileType = text.plist.xml; path = Info.plist; sourceTree = "<group>"; };
		6BD5925F20380E6E001E5771 /* main.m */ = {isa = PBXFileReference; lastKnownFileType = sourcecode.c.objc; path = main.m; sourceTree = "<group>"; };
/* End PBXFileReference section */

/* Begin PBXFrameworksBuildPhase section */
		6BD5924A20380E6E001E5771 /* Frameworks */ = {
			isa = PBXFrameworksBuildPhase;
			buildActionMask = 2147483647;
			files = (
			);
			runOnlyForDeploymentPostprocessing = 0;
		};
/* End PBXFrameworksBuildPhase section */

/* Begin PBXGroup section */
		6BD5924420380E6E001E5771 = {
			isa = PBXGroup;
			children = (
				6BD5924F20380E6E001E5771 /* StretchHeadView-Objc */,
				6BD5924E20380E6E001E5771 /* Products */,
			);
			sourceTree = "<group>";
		};
		6BD5924E20380E6E001E5771 /* Products */ = {
			isa = PBXGroup;
			children = (
				6BD5924D20380E6E001E5771 /* StretchHeadView-Objc.app */,
			);
			name = Products;
			sourceTree = "<group>";
		};
		6BD5924F20380E6E001E5771 /* StretchHeadView-Objc */ = {
			isa = PBXGroup;
			children = (
				6BD5925020380E6E001E5771 /* AppDelegate.h */,
				6BD5925120380E6E001E5771 /* AppDelegate.m */,
				6BD5925320380E6E001E5771 /* ViewController.h */,
				6BD5925420380E6E001E5771 /* ViewController.m */,
				6BD5925620380E6E001E5771 /* Main.storyboard */,
				6BD5925920380E6E001E5771 /* Assets.xcassets */,
				6BD5925B20380E6E001E5771 /* LaunchScreen.storyboard */,
				6BD5925E20380E6E001E5771 /* Info.plist */,
				6BD5925F20380E6E001E5771 /* main.m */,
			);
			path = "StretchHeadView-Objc";
			sourceTree = "<group>";
		};
/* End PBXGroup section */

/* Begin PBXNativeTarget section */
		6BD5924C20380E6E001E5771 /* StretchHeadView-Objc */ = {
			isa = PBXNativeTarget;
			buildConfigurationList = 6BD5926320380E6E001E5771 /* Build configuration list for PBXNativeTarget "StretchHeadView-Objc" */;
			buildPhases = (
				6BD5924920380E6E001E5771 /* Sources */,
				6BD5924A20380E6E001E5771 /* Frameworks */,
				6BD5924B20380E6E001E5771 /* Resources */,
			);
			buildRules = (
			);
			dependencies = (
			);
			name = "StretchHeadView-Objc";
			productName = "StretchHeadView-Objc";
			productReference = 6BD5924D20380E6E001E5771 /* StretchHeadView-Objc.app */;
			productType = "com.apple.product-type.application";
		};
/* End PBXNativeTarget section */

/* Begin PBXProject section */
		6BD5924520380E6E001E5771 /* Project object */ = {
			isa = PBXProject;
			attributes = {
				LastUpgradeCheck = 0920;
				ORGANIZATIONNAME = LC;
				TargetAttributes = {
					6BD5924C20380E6E001E5771 = {
						CreatedOnToolsVersion = 9.2;
						ProvisioningStyle = Automatic;
					};
				};
			};
			buildConfigurationList = 6BD5924820380E6E001E5771 /* Build configuration list for PBXProject "StretchHeadView-Objc" */;
			compatibilityVersion = "Xcode 8.0";
			developmentRegion = en;
			hasScannedForEncodings = 0;
			knownRegions = (
				en,
				Base,
			);
			mainGroup = 6BD5924420380E6E001E5771;
			productRefGroup = 6BD5924E20380E6E001E5771 /* Products */;
			projectDirPath = "";
			projectRoot = "";
			targets = (
				6BD5924C20380E6E001E5771 /* StretchHeadView-Objc */,
			);
		};
/* End PBXProject section */

/* Begin PBXResourcesBuildPhase section */
		6BD5924B20380E6E001E5771 /* Resources */ = {
			isa = PBXResourcesBuildPhase;
			buildActionMask = 2147483647;
			files = (
				6BD5925D20380E6E001E5771 /* LaunchScreen.storyboard in Resources */,
				6BD5925A20380E6E001E5771 /* Assets.xcassets in Resources */,
				6BD5925820380E6E001E5771 /* Main.storyboard in Resources */,
			);
			runOnlyForDeploymentPostprocessing = 0;
		};
/* End PBXResourcesBuildPhase section */

/* Begin PBXSourcesBuildPhase section */
		6BD5924920380E6E001E5771 /* Sources */ = {
			isa = PBXSourcesBuildPhase;
			buildActionMask = 2147483647;
			files = (
				6BD5925520380E6E001E5771 /* ViewController.m in Sources */,
				6BD5926020380E6E001E5771 /* main.m in Sources */,
				6BD5925220380E6E001E5771 /* AppDelegate.m in Sources */,
			);
			runOnlyForDeploymentPostprocessing = 0;
		};
/* End PBXSourcesBuildPhase section */

/* Begin PBXVariantGroup section */
		6BD5925620380E6E001E5771 /* Main.storyboard */ = {
			isa = PBXVariantGroup;
			children = (
				6BD5925720380E6E001E5771 /* Base */,
			);
			name = Main.storyboard;
			sourceTree = "<group>";
		};
		6BD5925B20380E6E001E5771 /* LaunchScreen.storyboard */ = {
			isa = PBXVariantGroup;
			children = (
				6BD5925C20380E6E001E5771 /* Base */,
			);
			name = LaunchScreen.storyboard;
			sourceTree = "<group>";
		};
/* End PBXVariantGroup section */

/* Begin XCBuildConfiguration section */
		6BD5926120380E6E001E5771 /* Debug */ = {
			isa = XCBuildConfiguration;
			buildSettings = {
				ALWAYS_SEARCH_USER_PATHS = NO;
				CLANG_ANALYZER_NONNULL = YES;
				CLANG_ANALYZER_NUMBER_OBJECT_CONVERSION = YES_AGGRESSIVE;
				CLANG_CXX_LANGUAGE_STANDARD = "gnu++14";
				CLANG_CXX_LIBRARY = "libc++";
				CLANG_ENABLE_MODULES = YES;
				CLANG_ENABLE_OBJC_ARC = YES;
				CLANG_WARN_BLOCK_CAPTURE_AUTORELEASING = YES;
				CLANG_WARN_BOOL_CONVERSION = YES;
				CLANG_WARN_COMMA = YES;
				CLANG_WARN_CONSTANT_CONVERSION = YES;
				CLANG_WARN_DIRECT_OBJC_ISA_USAGE = YES_ERROR;
				CLANG_WARN_DOCUMENTATION_COMMENTS = YES;
				CLANG_WARN_EMPTY_BODY = YES;
				CLANG_WARN_ENUM_CONVERSION = YES;
				CLANG_WARN_INFINITE_RECURSION = YES;
				CLANG_WARN_INT_CONVERSION = YES;
				CLANG_WARN_NON_LITERAL_NULL_CONVERSION = YES;
				CLANG_WARN_OBJC_LITERAL_CONVERSION = YES;
				CLANG_WARN_OBJC_ROOT_CLASS = YES_ERROR;
				CLANG_WARN_RANGE_LOOP_ANALYSIS = YES;
				CLANG_WARN_STRICT_PROTOTYPES = YES;
				CLANG_WARN_SUSPICIOUS_MOVE = YES;
				CLANG_WARN_UNGUARDED_AVAILABILITY = YES_AGGRESSIVE;
				CLANG_WARN_UNREACHABLE_CODE = YES;
				CLANG_WARN__DUPLICATE_METHOD_MATCH = YES;
				CODE_SIGN_IDENTITY = "iPhone Developer";
				COPY_PHASE_STRIP = NO;
				DEBUG_INFORMATION_FORMAT = dwarf;
				ENABLE_STRICT_OBJC_MSGSEND = YES;
				ENABLE_TESTABILITY = YES;
				GCC_C_LANGUAGE_STANDARD = gnu11;
				GCC_DYNAMIC_NO_PIC = NO;
				GCC_NO_COMMON_BLOCKS = YES;
				GCC_OPTIMIZATION_LEVEL = 0;
				GCC_PREPROCESSOR_DEFINITIONS = (
					"DEBUG=1",
					"$(inherited)",
				);
				GCC_WARN_64_TO_32_BIT_CONVERSION = YES;
				GCC_WARN_ABOUT_RETURN_TYPE = YES_ERROR;
				GCC_WARN_UNDECLARED_SELECTOR = YES;
				GCC_WARN_UNINITIALIZED_AUTOS = YES_AGGRESSIVE;
				GCC_WARN_UNUSED_FUNCTION = YES;
				GCC_WARN_UNUSED_VARIABLE = YES;
				IPHONEOS_DEPLOYMENT_TARGET = 11.2;
				MTL_ENABLE_DEBUG_INFO = YES;
				ONLY_ACTIVE_ARCH = YES;
				SDKROOT = iphoneos;
			};
			name = Debug;
		};
		6BD5926220380E6E001E5771 /* Release */ = {
			isa = XCBuildConfiguration;
			buildSettings = {
				ALWAYS_SEARCH_USER_PATHS = NO;
				CLANG_ANALYZER_NONNULL = YES;
				CLANG_ANALYZER_NUMBER_OBJECT_CONVERSION = YES_AGGRESSIVE;
				CLANG_CXX_LANGUAGE_STANDARD = "gnu++14";
				CLANG_CXX_LIBRARY = "libc++";
				CLANG_ENABLE_MODULES = YES;
				CLANG_ENABLE_OBJC_ARC = YES;
				CLANG_WARN_BLOCK_CAPTURE_AUTORELEASING = YES;
				CLANG_WARN_BOOL_CONVERSION = YES;
				CLANG_WARN_COMMA = YES;
				CLANG_WARN_CONSTANT_CONVERSION = YES;
				CLANG_WARN_DIRECT_OBJC_ISA_USAGE = YES_ERROR;
				CLANG_WARN_DOCUMENTATION_COMMENTS = YES;
				CLANG_WARN_EMPTY_BODY = YES;
				CLANG_WARN_ENUM_CONVERSION = YES;
				CLANG_WARN_INFINITE_RECURSION = YES;
				CLANG_WARN_INT_CONVERSION = YES;
				CLANG_WARN_NON_LITERAL_NULL_CONVERSION = YES;
				CLANG_WARN_OBJC_LITERAL_CONVERSION = YES;
				CLANG_WARN_OBJC_ROOT_CLASS = YES_ERROR;
				CLANG_WARN_RANGE_LOOP_ANALYSIS = YES;
				CLANG_WARN_STRICT_PROTOTYPES = YES;
				CLANG_WARN_SUSPICIOUS_MOVE = YES;
				CLANG_WARN_UNGUARDED_AVAILABILITY = YES_AGGRESSIVE;
				CLANG_WARN_UNREACHABLE_CODE = YES;
				CLANG_WARN__DUPLICATE_METHOD_MATCH = YES;
				CODE_SIGN_IDENTITY = "iPhone Developer";
				COPY_PHASE_STRIP = NO;
				DEBUG_INFORMATION_FORMAT = "dwarf-with-dsym";
				ENABLE_NS_ASSERTIONS = NO;
				ENABLE_STRICT_OBJC_MSGSEND = YES;
				GCC_C_LANGUAGE_STANDARD = gnu11;
				GCC_NO_COMMON_BLOCKS = YES;
				GCC_WARN_64_TO_32_BIT_CONVERSION = YES;
				GCC_WARN_ABOUT_RETURN_TYPE = YES_ERROR;
				GCC_WARN_UNDECLARED_SELECTOR = YES;
				GCC_WARN_UNINITIALIZED_AUTOS = YES_AGGRESSIVE;
				GCC_WARN_UNUSED_FUNCTION = YES;
				GCC_WARN_UNUSED_VARIABLE = YES;
				IPHONEOS_DEPLOYMENT_TARGET = 11.2;
				MTL_ENABLE_DEBUG_INFO = NO;
				SDKROOT = iphoneos;
				VALIDATE_PRODUCT = YES;
			};
			name = Release;
		};
		6BD5926420380E6E001E5771 /* Debug */ = {
			isa = XCBuildConfiguration;
			buildSettings = {
				ASSETCATALOG_COMPILER_APPICON_NAME = AppIcon;
				CODE_SIGN_STYLE = Automatic;
				DEVELOPMENT_TEAM = QTU7D3WQQ9;
				INFOPLIST_FILE = "StretchHeadView-Objc/Info.plist";
				LD_RUNPATH_SEARCH_PATHS = "$(inherited) @executable_path/Frameworks";
				PRODUCT_BUNDLE_IDENTIFIER = "com.LC.StretchHeadView-Objc";
				PRODUCT_NAME = "$(TARGET_NAME)";
				TARGETED_DEVICE_FAMILY = "1,2";
			};
			name = Debug;
		};
		6BD5926520380E6E001E5771 /* Release */ = {
			isa = XCBuildConfiguration;
			buildSettings = {
				ASSETCATALOG_COMPILER_APPICON_NAME = AppIcon;
				CODE_SIGN_STYLE = Automatic;
				DEVELOPMENT_TEAM = QTU7D3WQQ9;
				INFOPLIST_FILE = "StretchHeadView-Objc/Info.plist";
				LD_RUNPATH_SEARCH_PATHS = "$(inherited) @executable_path/Frameworks";
				PRODUCT_BUNDLE_IDENTIFIER = "com.LC.StretchHeadView-Objc";
				PRODUCT_NAME = "$(TARGET_NAME)";
				TARGETED_DEVICE_FAMILY = "1,2";
			};
			name = Release;
		};
/* End XCBuildConfiguration section */

/* Begin XCConfigurationList section */
		6BD5924820380E6E001E5771 /* Build configuration list for PBXProject "StretchHeadView-Objc" */ = {
			isa = XCConfigurationList;
			buildConfigurations = (
				6BD5926120380E6E001E5771 /* Debug */,
				6BD5926220380E6E001E5771 /* Release */,
			);
			defaultConfigurationIsVisible = 0;
			defaultConfigurationName = Release;
		};
		6BD5926320380E6E001E5771 /* Build configuration list for PBXNativeTarget "StretchHeadView-Objc" */ = {
			isa = XCConfigurationList;
			buildConfigurations = (
				6BD5926420380E6E001E5771 /* Debug */,
				6BD5926520380E6E001E5771 /* Release */,
			);
			defaultConfigurationIsVisible = 0;
			defaultConfigurationName = Release;
		};
/* End XCConfigurationList section */
	};
	rootObject = 6BD5924520380E6E001E5771 /* Project object */;
}
